// !$*UTF8*$!
{
	archiveVersion = 1;
	classes = {
	};
	objectVersion = 46;
	objects = {

/* Begin PBXBuildFile section */
		0153CAA215376EFA00E35905 /* EditMaterial.m in Sources */ = {isa = PBXBuildFile; fileRef = 0153CAA115376EFA00E35905 /* EditMaterial.m */; };
		0165965C155BF7AD00DFB419 /* ToolsMenuCell.m in Sources */ = {isa = PBXBuildFile; fileRef = 0165965B155BF7AD00DFB419 /* ToolsMenuCell.m */; };
		01659660155D450100DFB419 /* 11-clock.png in Resources */ = {isa = PBXBuildFile; fileRef = 0165965E155D450100DFB419 /* 11-clock.png */; };
		01659661155D450100DFB419 /* 11-clock@2x.png in Resources */ = {isa = PBXBuildFile; fileRef = 0165965F155D450100DFB419 /* 11-clock@2x.png */; };
		018EA4431534EB450006FC9F /* SiteLocation.m in Sources */ = {isa = PBXBuildFile; fileRef = 018EA4421534EB450006FC9F /* SiteLocation.m */; };
		018EA44F1535D9970006FC9F /* MaterialSelect.m in Sources */ = {isa = PBXBuildFile; fileRef = 018EA44E1535D9960006FC9F /* MaterialSelect.m */; };
		01BD2F4815580E1A006043D2 /* CoreData.framework in Frameworks */ = {isa = PBXBuildFile; fileRef = 01BD2F4715580E19006043D2 /* CoreData.framework */; };
		01BD2F5C1558301F006043D2 /* Users.m in Sources */ = {isa = PBXBuildFile; fileRef = 01BD2F5A1558301F006043D2 /* Users.m */; };
		01BD2F6915586781006043D2 /* UserData.m in Sources */ = {isa = PBXBuildFile; fileRef = 01BD2F6815586781006043D2 /* UserData.m */; };
		01BD2F7315598654006043D2 /* Reachability.m in Sources */ = {isa = PBXBuildFile; fileRef = 01BD2F7215598654006043D2 /* Reachability.m */; settings = {COMPILER_FLAGS = "-fno-objc-arc"; }; };
		01BD2F8715599FA9006043D2 /* AssistantUsers.sqlite in Resources */ = {isa = PBXBuildFile; fileRef = 01BD2F8615599FA8006043D2 /* AssistantUsers.sqlite */; };
		01BD2FAC155AB357006043D2 /* CrewMembersEn.m in Sources */ = {isa = PBXBuildFile; fileRef = 01BD2FA5155AB357006043D2 /* CrewMembersEn.m */; };
		01BD2FAD155AB357006043D2 /* DbModel.xcdatamodeld in Sources */ = {isa = PBXBuildFile; fileRef = 01BD2FA6155AB357006043D2 /* DbModel.xcdatamodeld */; };
		01BD2FAE155AB357006043D2 /* MaterialsEn.m in Sources */ = {isa = PBXBuildFile; fileRef = 01BD2FA9155AB357006043D2 /* MaterialsEn.m */; };
		01BD2FAF155AB357006043D2 /* ReportsEn.m in Sources */ = {isa = PBXBuildFile; fileRef = 01BD2FAB155AB357006043D2 /* ReportsEn.m */; };
		01BD2FB2155AC520006043D2 /* compass.png in Resources */ = {isa = PBXBuildFile; fileRef = 01BD2FB0155AC520006043D2 /* compass.png */; };
		01BD2FB3155AC520006043D2 /* compass@2x.png in Resources */ = {isa = PBXBuildFile; fileRef = 01BD2FB1155AC520006043D2 /* compass@2x.png */; };
		01BD2FB6155AC5D2006043D2 /* notes.png in Resources */ = {isa = PBXBuildFile; fileRef = 01BD2FB4155AC5D2006043D2 /* notes.png */; };
		01BD2FB7155AC5D2006043D2 /* notes@2x.png in Resources */ = {isa = PBXBuildFile; fileRef = 01BD2FB5155AC5D2006043D2 /* notes@2x.png */; };
		01BD2FBA155ACE43006043D2 /* compassrose.png in Resources */ = {isa = PBXBuildFile; fileRef = 01BD2FB8155ACE42006043D2 /* compassrose.png */; };
		01BD2FBB155ACE43006043D2 /* compassrose@2x.png in Resources */ = {isa = PBXBuildFile; fileRef = 01BD2FB9155ACE42006043D2 /* compassrose@2x.png */; };
		01BD2FBE155B11C9006043D2 /* ToolsMenu.m in Sources */ = {isa = PBXBuildFile; fileRef = 01BD2FBD155B11C8006043D2 /* ToolsMenu.m */; };
		01DBF389153F1FBD009B6FAE /* RoundedUIView.m in Sources */ = {isa = PBXBuildFile; fileRef = 01DBF388153F1FBD009B6FAE /* RoundedUIView.m */; };
		01DBF394153F4623009B6FAE /* RoundedUITableView.m in Sources */ = {isa = PBXBuildFile; fileRef = 01DBF393153F4623009B6FAE /* RoundedUITableView.m */; };
		01DBF396153F5E43009B6FAE /* solular logo.png in Resources */ = {isa = PBXBuildFile; fileRef = 01DBF395153F5E43009B6FAE /* solular logo.png */; };
		01DBF39C15404678009B6FAE /* CompletedPercentage.m in Sources */ = {isa = PBXBuildFile; fileRef = 01DBF39B15404678009B6FAE /* CompletedPercentage.m */; };
		01DBF3AE15409AB1009B6FAE /* button_back.png in Resources */ = {isa = PBXBuildFile; fileRef = 01DBF3A915409AB1009B6FAE /* button_back.png */; };
		01DBF3AF15409AB1009B6FAE /* ManagerUpdate.m in Sources */ = {isa = PBXBuildFile; fileRef = 01DBF3AB15409AB1009B6FAE /* ManagerUpdate.m */; };
		01DBF3B015409AB1009B6FAE /* WeatherSelect.m in Sources */ = {isa = PBXBuildFile; fileRef = 01DBF3AD15409AB1009B6FAE /* WeatherSelect.m */; };
		01DBF3BB1540A422009B6FAE /* app_icon.png in Resources */ = {isa = PBXBuildFile; fileRef = 01DBF3BA1540A422009B6FAE /* app_icon.png */; };
		01DBF3BD1540A427009B6FAE /* app_icon_retina.png in Resources */ = {isa = PBXBuildFile; fileRef = 01DBF3BC1540A427009B6FAE /* app_icon_retina.png */; };
		01DBF3C61541AB6B009B6FAE /* TemperatureSelect.m in Sources */ = {isa = PBXBuildFile; fileRef = 01DBF3C51541AB6B009B6FAE /* TemperatureSelect.m */; };
		01DBF3C81541DFAD009B6FAE /* button_highlighted_back.png in Resources */ = {isa = PBXBuildFile; fileRef = 01DBF3C71541DFAD009B6FAE /* button_highlighted_back.png */; };
		01DBF3CB1541E0CA009B6FAE /* RoundedUIButton.m in Sources */ = {isa = PBXBuildFile; fileRef = 01DBF3CA1541E0CA009B6FAE /* RoundedUIButton.m */; };
		01DBF3CE1541E1CF009B6FAE /* UpdateClient.m in Sources */ = {isa = PBXBuildFile; fileRef = 01DBF3CD1541E1CF009B6FAE /* UpdateClient.m */; };
		01DBF3D61545A291009B6FAE /* 33-cabinet.png in Resources */ = {isa = PBXBuildFile; fileRef = 01DBF3D41545A291009B6FAE /* 33-cabinet.png */; };
		01DBF3D71545A291009B6FAE /* 33-cabinet@2x.png in Resources */ = {isa = PBXBuildFile; fileRef = 01DBF3D51545A291009B6FAE /* 33-cabinet@2x.png */; };
		01DBF3DA1545A312009B6FAE /* 103-map.png in Resources */ = {isa = PBXBuildFile; fileRef = 01DBF3D81545A312009B6FAE /* 103-map.png */; };
		01DBF3DB1545A312009B6FAE /* 103-map@2x.png in Resources */ = {isa = PBXBuildFile; fileRef = 01DBF3D91545A312009B6FAE /* 103-map@2x.png */; };
		01DBF3DE1545A3FA009B6FAE /* 101-gameplan.png in Resources */ = {isa = PBXBuildFile; fileRef = 01DBF3DC1545A3FA009B6FAE /* 101-gameplan.png */; };
		01DBF3DF1545A3FA009B6FAE /* 101-gameplan@2x.png in Resources */ = {isa = PBXBuildFile; fileRef = 01DBF3DD1545A3FA009B6FAE /* 101-gameplan@2x.png */; };
		01DBF3E21545AE77009B6FAE /* 40-inbox.png in Resources */ = {isa = PBXBuildFile; fileRef = 01DBF3E01545AE77009B6FAE /* 40-inbox.png */; };
		01DBF3E31545AE77009B6FAE /* 40-inbox@2x.png in Resources */ = {isa = PBXBuildFile; fileRef = 01DBF3E11545AE77009B6FAE /* 40-inbox@2x.png */; };
		01EAEA42153763170047842F /* MaterialListCell.m in Sources */ = {isa = PBXBuildFile; fileRef = 01EAEA41153763170047842F /* MaterialListCell.m */; };
		01EAEA461537667C0047842F /* AddMaterial.m in Sources */ = {isa = PBXBuildFile; fileRef = 01EAEA451537667B0047842F /* AddMaterial.m */; };
		3546A3CB15239CFD00A3D284 /* DBGateway.m in Sources */ = {isa = PBXBuildFile; fileRef = 3546A3CA15239CFD00A3D284 /* DBGateway.m */; };
		3546A3CE15248C4C00A3D284 /* CrewMemberData.m in Sources */ = {isa = PBXBuildFile; fileRef = 3546A3CD15248C4B00A3D284 /* CrewMemberData.m */; };
		3546A3D41524BDDC00A3D284 /* CrewLeader.m in Sources */ = {isa = PBXBuildFile; fileRef = 3546A3D31524BDDC00A3D284 /* CrewLeader.m */; };
		3546A3DA1529D33A00A3D284 /* CrewMembers.m in Sources */ = {isa = PBXBuildFile; fileRef = 3546A3D91529D33A00A3D284 /* CrewMembers.m */; };
		35655EA315238C0700E7BAEB /* HomeScreenView.m in Sources */ = {isa = PBXBuildFile; fileRef = 35655EA215238C0700E7BAEB /* HomeScreenView.m */; };
		3579D2F014D868B100D2E37F /* NotesFullViewController.m in Sources */ = {isa = PBXBuildFile; fileRef = 3579D2EF14D868B100D2E37F /* NotesFullViewController.m */; };
		3579D2F314DC6EC400D2E37F /* NotesNewViewController.m in Sources */ = {isa = PBXBuildFile; fileRef = 3579D2F214DC6EC400D2E37F /* NotesNewViewController.m */; };
		3579D2F814E1796500D2E37F /* MessageUI.framework in Frameworks */ = {isa = PBXBuildFile; fileRef = 3579D2F714E1796500D2E37F /* MessageUI.framework */; };
		358876D8146B1D2D007A157E /* UIKit.framework in Frameworks */ = {isa = PBXBuildFile; fileRef = 358876D7146B1D2D007A157E /* UIKit.framework */; };
		358876DA146B1D2D007A157E /* Foundation.framework in Frameworks */ = {isa = PBXBuildFile; fileRef = 358876D9146B1D2D007A157E /* Foundation.framework */; };
		358876DC146B1D2D007A157E /* CoreGraphics.framework in Frameworks */ = {isa = PBXBuildFile; fileRef = 358876DB146B1D2D007A157E /* CoreGraphics.framework */; };
		358876E2146B1D2E007A157E /* InfoPlist.strings in Resources */ = {isa = PBXBuildFile; fileRef = 358876E0146B1D2E007A157E /* InfoPlist.strings */; };
		358876E4146B1D2E007A157E /* main.m in Sources */ = {isa = PBXBuildFile; fileRef = 358876E3146B1D2E007A157E /* main.m */; };
		358876E8146B1D2E007A157E /* AppDelegate.m in Sources */ = {isa = PBXBuildFile; fileRef = 358876E7146B1D2E007A157E /* AppDelegate.m */; };
		358876EB146B1D2E007A157E /* MainStoryboard.storyboard in Resources */ = {isa = PBXBuildFile; fileRef = 358876E9146B1D2E007A157E /* MainStoryboard.storyboard */; };
		358876EE146B1D2E007A157E /* ProjectSelection.m in Sources */ = {isa = PBXBuildFile; fileRef = 358876ED146B1D2E007A157E /* ProjectSelection.m */; };
		358876FF146C3DF3007A157E /* Common.m in Sources */ = {isa = PBXBuildFile; fileRef = 358876FE146C3DF3007A157E /* Common.m */; };
		35887705146C5342007A157E /* QuartzCore.framework in Frameworks */ = {isa = PBXBuildFile; fileRef = 35887704146C5342007A157E /* QuartzCore.framework */; };
		358D942814A37898007F4335 /* managers.png in Resources */ = {isa = PBXBuildFile; fileRef = 358D942314A37898007F4335 /* managers.png */; };
		358D942914A37898007F4335 /* materials.png in Resources */ = {isa = PBXBuildFile; fileRef = 358D942414A37898007F4335 /* materials.png */; };
		358D942F14A3C5DD007F4335 /* sidebarback.png in Resources */ = {isa = PBXBuildFile; fileRef = 358D942E14A3C5DD007F4335 /* sidebarback.png */; };
		358D943114AA5BCD007F4335 /* compassPressed.png in Resources */ = {isa = PBXBuildFile; fileRef = 358D943014AA5BCD007F4335 /* compassPressed.png */; };
		358D943714AB6174007F4335 /* managersPressed.png in Resources */ = {isa = PBXBuildFile; fileRef = 358D943314AB6174007F4335 /* managersPressed.png */; };
		358D943814AB6174007F4335 /* materialsPressed.png in Resources */ = {isa = PBXBuildFile; fileRef = 358D943414AB6174007F4335 /* materialsPressed.png */; };
		358D943914AB6174007F4335 /* notesPressed.png in Resources */ = {isa = PBXBuildFile; fileRef = 358D943514AB6174007F4335 /* notesPressed.png */; };
		358D944014B496CF007F4335 /* CompassView.m in Sources */ = {isa = PBXBuildFile; fileRef = 358D943F14B496CE007F4335 /* CompassView.m */; };
		358D944214B626AB007F4335 /* CoreLocation.framework in Frameworks */ = {isa = PBXBuildFile; fileRef = 358D944114B626AB007F4335 /* CoreLocation.framework */; };
		358D944514BB399F007F4335 /* NotesView.m in Sources */ = {isa = PBXBuildFile; fileRef = 358D944414BB399E007F4335 /* NotesView.m */; };
		35A1A71F14CF3F6F009A604F /* NotesViewCell.m in Sources */ = {isa = PBXBuildFile; fileRef = 35A1A71E14CF3F6E009A604F /* NotesViewCell.m */; };
		35B8A3C41483C3FE000411D0 /* MenuBar.m in Sources */ = {isa = PBXBuildFile; fileRef = 35B8A3C31483C3FE000411D0 /* MenuBar.m */; };
		35B8A3CC1483D3A2000411D0 /* GlosslessButton.m in Sources */ = {isa = PBXBuildFile; fileRef = 35B8A3CB1483D3A2000411D0 /* GlosslessButton.m */; };
		35B8A3CF1485792D000411D0 /* HomeScreen.m in Sources */ = {isa = PBXBuildFile; fileRef = 35B8A3CE1485792D000411D0 /* HomeScreen.m */; };
		35B8A3D51488300F000411D0 /* SiteInformation.m in Sources */ = {isa = PBXBuildFile; fileRef = 35B8A3D41488300F000411D0 /* SiteInformation.m */; };
		35B8A3DC148834C3000411D0 /* SiteViews.m in Sources */ = {isa = PBXBuildFile; fileRef = 35B8A3DB148834C2000411D0 /* SiteViews.m */; };
		35B8A3DF148834E7000411D0 /* SitePlans.m in Sources */ = {isa = PBXBuildFile; fileRef = 35B8A3DE148834E6000411D0 /* SitePlans.m */; };
		35B8A3E2148E6E5B000411D0 /* SiteTabController.m in Sources */ = {isa = PBXBuildFile; fileRef = 35B8A3E1148E6E5B000411D0 /* SiteTabController.m */; };
		35B8A3E5148EBF8B000411D0 /* DualColumnTable.m in Sources */ = {isa = PBXBuildFile; fileRef = 35B8A3E4148EBF8A000411D0 /* DualColumnTable.m */; };
		35B8A3E8148FE5CE000411D0 /* DualColumnCell.m in Sources */ = {isa = PBXBuildFile; fileRef = 35B8A3E7148FE5CE000411D0 /* DualColumnCell.m */; };
		35B8A3ED148FFE6E000411D0 /* brushedmetal.png in Resources */ = {isa = PBXBuildFile; fileRef = 35B8A3EC148FFE6E000411D0 /* brushedmetal.png */; };
		35F2C7E21472F63300DBC988 /* CFNetwork.framework in Frameworks */ = {isa = PBXBuildFile; fileRef = 35F2C7E11472F63300DBC988 /* CFNetwork.framework */; };
		35F2C7E41472F63F00DBC988 /* SystemConfiguration.framework in Frameworks */ = {isa = PBXBuildFile; fileRef = 35F2C7E31472F63F00DBC988 /* SystemConfiguration.framework */; };
		35F2C7E61472F64A00DBC988 /* MobileCoreServices.framework in Frameworks */ = {isa = PBXBuildFile; fileRef = 35F2C7E51472F64A00DBC988 /* MobileCoreServices.framework */; };
		35F2C7E81472F66D00DBC988 /* libz.1.2.5.dylib in Frameworks */ = {isa = PBXBuildFile; fileRef = 35F2C7E71472F66D00DBC988 /* libz.1.2.5.dylib */; };
		35F2C7EB147565EC00DBC988 /* GlossyButton.m in Sources */ = {isa = PBXBuildFile; fileRef = 35F2C7EA147565EC00DBC988 /* GlossyButton.m */; };
		35F2C7F5147C5DF400DBC988 /* ProjectData.m in Sources */ = {isa = PBXBuildFile; fileRef = 35F2C7F4147C5DF400DBC988 /* ProjectData.m */; };
/* End PBXBuildFile section */

/* Begin PBXFileReference section */
		0153CAA015376EFA00E35905 /* EditMaterial.h */ = {isa = PBXFileReference; fileEncoding = 4; lastKnownFileType = sourcecode.c.h; path = EditMaterial.h; sourceTree = "<group>"; };
		0153CAA115376EFA00E35905 /* EditMaterial.m */ = {isa = PBXFileReference; fileEncoding = 4; lastKnownFileType = sourcecode.c.objc; path = EditMaterial.m; sourceTree = "<group>"; };
		0165965A155BF7AD00DFB419 /* ToolsMenuCell.h */ = {isa = PBXFileReference; fileEncoding = 4; lastKnownFileType = sourcecode.c.h; path = ToolsMenuCell.h; sourceTree = "<group>"; };
		0165965B155BF7AD00DFB419 /* ToolsMenuCell.m */ = {isa = PBXFileReference; fileEncoding = 4; lastKnownFileType = sourcecode.c.objc; path = ToolsMenuCell.m; sourceTree = "<group>"; };
		0165965E155D450100DFB419 /* 11-clock.png */ = {isa = PBXFileReference; lastKnownFileType = image.png; path = "11-clock.png"; sourceTree = "<group>"; };
		0165965F155D450100DFB419 /* 11-clock@2x.png */ = {isa = PBXFileReference; lastKnownFileType = image.png; path = "11-clock@2x.png"; sourceTree = "<group>"; };
		018EA4411534EB450006FC9F /* SiteLocation.h */ = {isa = PBXFileReference; fileEncoding = 4; lastKnownFileType = sourcecode.c.h; path = SiteLocation.h; sourceTree = "<group>"; };
		018EA4421534EB450006FC9F /* SiteLocation.m */ = {isa = PBXFileReference; fileEncoding = 4; lastKnownFileType = sourcecode.c.objc; path = SiteLocation.m; sourceTree = "<group>"; };
		018EA44D1535D9960006FC9F /* MaterialSelect.h */ = {isa = PBXFileReference; fileEncoding = 4; lastKnownFileType = sourcecode.c.h; path = MaterialSelect.h; sourceTree = "<group>"; };
		018EA44E1535D9960006FC9F /* MaterialSelect.m */ = {isa = PBXFileReference; fileEncoding = 4; lastKnownFileType = sourcecode.c.objc; path = MaterialSelect.m; sourceTree = "<group>"; };
		01BD2F4715580E19006043D2 /* CoreData.framework */ = {isa = PBXFileReference; lastKnownFileType = wrapper.framework; name = CoreData.framework; path = System/Library/Frameworks/CoreData.framework; sourceTree = SDKROOT; };
		01BD2F591558301F006043D2 /* Users.h */ = {isa = PBXFileReference; fileEncoding = 4; lastKnownFileType = sourcecode.c.h; path = Users.h; sourceTree = "<group>"; };
		01BD2F5A1558301F006043D2 /* Users.m */ = {isa = PBXFileReference; fileEncoding = 4; lastKnownFileType = sourcecode.c.objc; path = Users.m; sourceTree = "<group>"; };
		01BD2F6715586781006043D2 /* UserData.h */ = {isa = PBXFileReference; fileEncoding = 4; lastKnownFileType = sourcecode.c.h; path = UserData.h; sourceTree = "<group>"; };
		01BD2F6815586781006043D2 /* UserData.m */ = {isa = PBXFileReference; fileEncoding = 4; lastKnownFileType = sourcecode.c.objc; path = UserData.m; sourceTree = "<group>"; };
		01BD2F7115598654006043D2 /* Reachability.h */ = {isa = PBXFileReference; fileEncoding = 4; lastKnownFileType = sourcecode.c.h; path = Reachability.h; sourceTree = "<group>"; };
		01BD2F7215598654006043D2 /* Reachability.m */ = {isa = PBXFileReference; fileEncoding = 4; lastKnownFileType = sourcecode.c.objc; path = Reachability.m; sourceTree = "<group>"; };
		01BD2F8615599FA8006043D2 /* AssistantUsers.sqlite */ = {isa = PBXFileReference; lastKnownFileType = file; path = AssistantUsers.sqlite; sourceTree = "<group>"; };
		01BD2FA4155AB357006043D2 /* CrewMembersEn.h */ = {isa = PBXFileReference; fileEncoding = 4; lastKnownFileType = sourcecode.c.h; path = CrewMembersEn.h; sourceTree = "<group>"; };
		01BD2FA5155AB357006043D2 /* CrewMembersEn.m */ = {isa = PBXFileReference; fileEncoding = 4; lastKnownFileType = sourcecode.c.objc; path = CrewMembersEn.m; sourceTree = "<group>"; };
		01BD2FA7155AB357006043D2 /* DbModel.xcdatamodel */ = {isa = PBXFileReference; lastKnownFileType = wrapper.xcdatamodel; path = DbModel.xcdatamodel; sourceTree = "<group>"; };
		01BD2FA8155AB357006043D2 /* MaterialsEn.h */ = {isa = PBXFileReference; fileEncoding = 4; lastKnownFileType = sourcecode.c.h; path = MaterialsEn.h; sourceTree = "<group>"; };
		01BD2FA9155AB357006043D2 /* MaterialsEn.m */ = {isa = PBXFileReference; fileEncoding = 4; lastKnownFileType = sourcecode.c.objc; path = MaterialsEn.m; sourceTree = "<group>"; };
		01BD2FAA155AB357006043D2 /* ReportsEn.h */ = {isa = PBXFileReference; fileEncoding = 4; lastKnownFileType = sourcecode.c.h; path = ReportsEn.h; sourceTree = "<group>"; };
		01BD2FAB155AB357006043D2 /* ReportsEn.m */ = {isa = PBXFileReference; fileEncoding = 4; lastKnownFileType = sourcecode.c.objc; path = ReportsEn.m; sourceTree = "<group>"; };
		01BD2FB0155AC520006043D2 /* compass.png */ = {isa = PBXFileReference; lastKnownFileType = image.png; path = compass.png; sourceTree = "<group>"; };
		01BD2FB1155AC520006043D2 /* compass@2x.png */ = {isa = PBXFileReference; lastKnownFileType = image.png; path = "compass@2x.png"; sourceTree = "<group>"; };
		01BD2FB4155AC5D2006043D2 /* notes.png */ = {isa = PBXFileReference; lastKnownFileType = image.png; path = notes.png; sourceTree = "<group>"; };
		01BD2FB5155AC5D2006043D2 /* notes@2x.png */ = {isa = PBXFileReference; lastKnownFileType = image.png; path = "notes@2x.png"; sourceTree = "<group>"; };
		01BD2FB8155ACE42006043D2 /* compassrose.png */ = {isa = PBXFileReference; lastKnownFileType = image.png; path = compassrose.png; sourceTree = "<group>"; };
		01BD2FB9155ACE42006043D2 /* compassrose@2x.png */ = {isa = PBXFileReference; lastKnownFileType = image.png; path = "compassrose@2x.png"; sourceTree = "<group>"; };
		01BD2FBC155B11C7006043D2 /* ToolsMenu.h */ = {isa = PBXFileReference; fileEncoding = 4; lastKnownFileType = sourcecode.c.h; path = ToolsMenu.h; sourceTree = "<group>"; };
		01BD2FBD155B11C8006043D2 /* ToolsMenu.m */ = {isa = PBXFileReference; fileEncoding = 4; lastKnownFileType = sourcecode.c.objc; path = ToolsMenu.m; sourceTree = "<group>"; };
		01DBF387153F1FBD009B6FAE /* RoundedUIView.h */ = {isa = PBXFileReference; fileEncoding = 4; lastKnownFileType = sourcecode.c.h; path = RoundedUIView.h; sourceTree = "<group>"; };
		01DBF388153F1FBD009B6FAE /* RoundedUIView.m */ = {isa = PBXFileReference; fileEncoding = 4; lastKnownFileType = sourcecode.c.objc; path = RoundedUIView.m; sourceTree = "<group>"; };
		01DBF392153F4623009B6FAE /* RoundedUITableView.h */ = {isa = PBXFileReference; fileEncoding = 4; lastKnownFileType = sourcecode.c.h; path = RoundedUITableView.h; sourceTree = "<group>"; };
		01DBF393153F4623009B6FAE /* RoundedUITableView.m */ = {isa = PBXFileReference; fileEncoding = 4; lastKnownFileType = sourcecode.c.objc; path = RoundedUITableView.m; sourceTree = "<group>"; };
		01DBF395153F5E43009B6FAE /* solular logo.png */ = {isa = PBXFileReference; lastKnownFileType = image.png; path = "solular logo.png"; sourceTree = "<group>"; };
		01DBF39A15404678009B6FAE /* CompletedPercentage.h */ = {isa = PBXFileReference; fileEncoding = 4; lastKnownFileType = sourcecode.c.h; path = CompletedPercentage.h; sourceTree = "<group>"; };
		01DBF39B15404678009B6FAE /* CompletedPercentage.m */ = {isa = PBXFileReference; fileEncoding = 4; lastKnownFileType = sourcecode.c.objc; path = CompletedPercentage.m; sourceTree = "<group>"; };
		01DBF3A915409AB1009B6FAE /* button_back.png */ = {isa = PBXFileReference; lastKnownFileType = image.png; path = button_back.png; sourceTree = "<group>"; };
		01DBF3AA15409AB1009B6FAE /* ManagerUpdate.h */ = {isa = PBXFileReference; fileEncoding = 4; lastKnownFileType = sourcecode.c.h; path = ManagerUpdate.h; sourceTree = "<group>"; };
		01DBF3AB15409AB1009B6FAE /* ManagerUpdate.m */ = {isa = PBXFileReference; fileEncoding = 4; lastKnownFileType = sourcecode.c.objc; path = ManagerUpdate.m; sourceTree = "<group>"; };
		01DBF3AC15409AB1009B6FAE /* WeatherSelect.h */ = {isa = PBXFileReference; fileEncoding = 4; lastKnownFileType = sourcecode.c.h; path = WeatherSelect.h; sourceTree = "<group>"; };
		01DBF3AD15409AB1009B6FAE /* WeatherSelect.m */ = {isa = PBXFileReference; fileEncoding = 4; lastKnownFileType = sourcecode.c.objc; path = WeatherSelect.m; sourceTree = "<group>"; };
		01DBF3BA1540A422009B6FAE /* app_icon.png */ = {isa = PBXFileReference; lastKnownFileType = image.png; name = app_icon.png; path = ../app_icon.png; sourceTree = "<group>"; };
		01DBF3BC1540A427009B6FAE /* app_icon_retina.png */ = {isa = PBXFileReference; lastKnownFileType = image.png; name = app_icon_retina.png; path = ../app_icon_retina.png; sourceTree = "<group>"; };
		01DBF3C41541AB6B009B6FAE /* TemperatureSelect.h */ = {isa = PBXFileReference; fileEncoding = 4; lastKnownFileType = sourcecode.c.h; path = TemperatureSelect.h; sourceTree = "<group>"; };
		01DBF3C51541AB6B009B6FAE /* TemperatureSelect.m */ = {isa = PBXFileReference; fileEncoding = 4; lastKnownFileType = sourcecode.c.objc; path = TemperatureSelect.m; sourceTree = "<group>"; };
		01DBF3C71541DFAD009B6FAE /* button_highlighted_back.png */ = {isa = PBXFileReference; lastKnownFileType = image.png; path = button_highlighted_back.png; sourceTree = "<group>"; };
		01DBF3C91541E0CA009B6FAE /* RoundedUIButton.h */ = {isa = PBXFileReference; fileEncoding = 4; lastKnownFileType = sourcecode.c.h; path = RoundedUIButton.h; sourceTree = "<group>"; };
		01DBF3CA1541E0CA009B6FAE /* RoundedUIButton.m */ = {isa = PBXFileReference; fileEncoding = 4; lastKnownFileType = sourcecode.c.objc; path = RoundedUIButton.m; sourceTree = "<group>"; };
		01DBF3CC1541E1CF009B6FAE /* UpdateClient.h */ = {isa = PBXFileReference; fileEncoding = 4; lastKnownFileType = sourcecode.c.h; path = UpdateClient.h; sourceTree = "<group>"; };
		01DBF3CD1541E1CF009B6FAE /* UpdateClient.m */ = {isa = PBXFileReference; fileEncoding = 4; lastKnownFileType = sourcecode.c.objc; path = UpdateClient.m; sourceTree = "<group>"; };
		01DBF3D41545A291009B6FAE /* 33-cabinet.png */ = {isa = PBXFileReference; lastKnownFileType = image.png; path = "33-cabinet.png"; sourceTree = "<group>"; };
		01DBF3D51545A291009B6FAE /* 33-cabinet@2x.png */ = {isa = PBXFileReference; lastKnownFileType = image.png; path = "33-cabinet@2x.png"; sourceTree = "<group>"; };
		01DBF3D81545A312009B6FAE /* 103-map.png */ = {isa = PBXFileReference; lastKnownFileType = image.png; path = "103-map.png"; sourceTree = "<group>"; };
		01DBF3D91545A312009B6FAE /* 103-map@2x.png */ = {isa = PBXFileReference; lastKnownFileType = image.png; path = "103-map@2x.png"; sourceTree = "<group>"; };
		01DBF3DC1545A3FA009B6FAE /* 101-gameplan.png */ = {isa = PBXFileReference; lastKnownFileType = image.png; path = "101-gameplan.png"; sourceTree = "<group>"; };
		01DBF3DD1545A3FA009B6FAE /* 101-gameplan@2x.png */ = {isa = PBXFileReference; lastKnownFileType = image.png; path = "101-gameplan@2x.png"; sourceTree = "<group>"; };
		01DBF3E01545AE77009B6FAE /* 40-inbox.png */ = {isa = PBXFileReference; lastKnownFileType = image.png; path = "40-inbox.png"; sourceTree = "<group>"; };
		01DBF3E11545AE77009B6FAE /* 40-inbox@2x.png */ = {isa = PBXFileReference; lastKnownFileType = image.png; path = "40-inbox@2x.png"; sourceTree = "<group>"; };
		01EAEA40153763170047842F /* MaterialListCell.h */ = {isa = PBXFileReference; fileEncoding = 4; lastKnownFileType = sourcecode.c.h; path = MaterialListCell.h; sourceTree = "<group>"; };
		01EAEA41153763170047842F /* MaterialListCell.m */ = {isa = PBXFileReference; fileEncoding = 4; lastKnownFileType = sourcecode.c.objc; path = MaterialListCell.m; sourceTree = "<group>"; };
		01EAEA441537667B0047842F /* AddMaterial.h */ = {isa = PBXFileReference; fileEncoding = 4; lastKnownFileType = sourcecode.c.h; path = AddMaterial.h; sourceTree = "<group>"; };
		01EAEA451537667B0047842F /* AddMaterial.m */ = {isa = PBXFileReference; fileEncoding = 4; lastKnownFileType = sourcecode.c.objc; path = AddMaterial.m; sourceTree = "<group>"; };
		3546A3C915239CFD00A3D284 /* DBGateway.h */ = {isa = PBXFileReference; fileEncoding = 4; lastKnownFileType = sourcecode.c.h; path = DBGateway.h; sourceTree = "<group>"; };
		3546A3CA15239CFD00A3D284 /* DBGateway.m */ = {isa = PBXFileReference; fileEncoding = 4; lastKnownFileType = sourcecode.c.objc; path = DBGateway.m; sourceTree = "<group>"; };
		3546A3CC15248C4B00A3D284 /* CrewMemberData.h */ = {isa = PBXFileReference; fileEncoding = 4; lastKnownFileType = sourcecode.c.h; path = CrewMemberData.h; sourceTree = "<group>"; };
		3546A3CD15248C4B00A3D284 /* CrewMemberData.m */ = {isa = PBXFileReference; fileEncoding = 4; lastKnownFileType = sourcecode.c.objc; path = CrewMemberData.m; sourceTree = "<group>"; };
		3546A3D21524BDDC00A3D284 /* CrewLeader.h */ = {isa = PBXFileReference; fileEncoding = 4; lastKnownFileType = sourcecode.c.h; path = CrewLeader.h; sourceTree = "<group>"; };
		3546A3D31524BDDC00A3D284 /* CrewLeader.m */ = {isa = PBXFileReference; fileEncoding = 4; lastKnownFileType = sourcecode.c.objc; path = CrewLeader.m; sourceTree = "<group>"; };
		3546A3D81529D33900A3D284 /* CrewMembers.h */ = {isa = PBXFileReference; fileEncoding = 4; lastKnownFileType = sourcecode.c.h; path = CrewMembers.h; sourceTree = "<group>"; };
		3546A3D91529D33A00A3D284 /* CrewMembers.m */ = {isa = PBXFileReference; fileEncoding = 4; lastKnownFileType = sourcecode.c.objc; path = CrewMembers.m; sourceTree = "<group>"; };
		35655EA115238C0700E7BAEB /* HomeScreenView.h */ = {isa = PBXFileReference; fileEncoding = 4; lastKnownFileType = sourcecode.c.h; path = HomeScreenView.h; sourceTree = "<group>"; };
		35655EA215238C0700E7BAEB /* HomeScreenView.m */ = {isa = PBXFileReference; fileEncoding = 4; lastKnownFileType = sourcecode.c.objc; path = HomeScreenView.m; sourceTree = "<group>"; };
		3579D2EE14D868B100D2E37F /* NotesFullViewController.h */ = {isa = PBXFileReference; fileEncoding = 4; lastKnownFileType = sourcecode.c.h; path = NotesFullViewController.h; sourceTree = "<group>"; };
		3579D2EF14D868B100D2E37F /* NotesFullViewController.m */ = {isa = PBXFileReference; fileEncoding = 4; lastKnownFileType = sourcecode.c.objc; path = NotesFullViewController.m; sourceTree = "<group>"; };
		3579D2F114DC6EC400D2E37F /* NotesNewViewController.h */ = {isa = PBXFileReference; fileEncoding = 4; lastKnownFileType = sourcecode.c.h; path = NotesNewViewController.h; sourceTree = "<group>"; };
		3579D2F214DC6EC400D2E37F /* NotesNewViewController.m */ = {isa = PBXFileReference; fileEncoding = 4; lastKnownFileType = sourcecode.c.objc; path = NotesNewViewController.m; sourceTree = "<group>"; };
		3579D2F714E1796500D2E37F /* MessageUI.framework */ = {isa = PBXFileReference; lastKnownFileType = wrapper.framework; name = MessageUI.framework; path = System/Library/Frameworks/MessageUI.framework; sourceTree = SDKROOT; };
		358876D3146B1D2D007A157E /* Installation Assistant.app */ = {isa = PBXFileReference; explicitFileType = wrapper.application; includeInIndex = 0; path = "Installation Assistant.app"; sourceTree = BUILT_PRODUCTS_DIR; };
		358876D7146B1D2D007A157E /* UIKit.framework */ = {isa = PBXFileReference; lastKnownFileType = wrapper.framework; name = UIKit.framework; path = System/Library/Frameworks/UIKit.framework; sourceTree = SDKROOT; };
		358876D9146B1D2D007A157E /* Foundation.framework */ = {isa = PBXFileReference; lastKnownFileType = wrapper.framework; name = Foundation.framework; path = System/Library/Frameworks/Foundation.framework; sourceTree = SDKROOT; };
		358876DB146B1D2D007A157E /* CoreGraphics.framework */ = {isa = PBXFileReference; lastKnownFileType = wrapper.framework; name = CoreGraphics.framework; path = System/Library/Frameworks/CoreGraphics.framework; sourceTree = SDKROOT; };
		358876DF146B1D2E007A157E /* Installation Assistant-Info.plist */ = {isa = PBXFileReference; lastKnownFileType = text.plist.xml; path = "Installation Assistant-Info.plist"; sourceTree = "<group>"; };
		358876E1146B1D2E007A157E /* en */ = {isa = PBXFileReference; lastKnownFileType = text.plist.strings; name = en; path = en.lproj/InfoPlist.strings; sourceTree = "<group>"; };
		358876E3146B1D2E007A157E /* main.m */ = {isa = PBXFileReference; lastKnownFileType = sourcecode.c.objc; path = main.m; sourceTree = "<group>"; };
		358876E5146B1D2E007A157E /* Installation Assistant-Prefix.pch */ = {isa = PBXFileReference; lastKnownFileType = sourcecode.c.h; path = "Installation Assistant-Prefix.pch"; sourceTree = "<group>"; };
		358876E6146B1D2E007A157E /* AppDelegate.h */ = {isa = PBXFileReference; lastKnownFileType = sourcecode.c.h; path = AppDelegate.h; sourceTree = "<group>"; };
		358876E7146B1D2E007A157E /* AppDelegate.m */ = {isa = PBXFileReference; lastKnownFileType = sourcecode.c.objc; path = AppDelegate.m; sourceTree = "<group>"; };
		358876EA146B1D2E007A157E /* en */ = {isa = PBXFileReference; lastKnownFileType = file.storyboard; name = en; path = en.lproj/MainStoryboard.storyboard; sourceTree = "<group>"; };
		358876EC146B1D2E007A157E /* ProjectSelection.h */ = {isa = PBXFileReference; lastKnownFileType = sourcecode.c.h; path = ProjectSelection.h; sourceTree = "<group>"; };
		358876ED146B1D2E007A157E /* ProjectSelection.m */ = {isa = PBXFileReference; lastKnownFileType = sourcecode.c.objc; path = ProjectSelection.m; sourceTree = "<group>"; };
		358876FD146C3DF2007A157E /* Common.h */ = {isa = PBXFileReference; fileEncoding = 4; lastKnownFileType = sourcecode.c.h; path = Common.h; sourceTree = "<group>"; };
		358876FE146C3DF3007A157E /* Common.m */ = {isa = PBXFileReference; fileEncoding = 4; lastKnownFileType = sourcecode.c.objc; path = Common.m; sourceTree = "<group>"; };
		35887704146C5342007A157E /* QuartzCore.framework */ = {isa = PBXFileReference; lastKnownFileType = wrapper.framework; name = QuartzCore.framework; path = System/Library/Frameworks/QuartzCore.framework; sourceTree = SDKROOT; };
		358D942314A37898007F4335 /* managers.png */ = {isa = PBXFileReference; lastKnownFileType = image.png; path = managers.png; sourceTree = "<group>"; };
		358D942414A37898007F4335 /* materials.png */ = {isa = PBXFileReference; lastKnownFileType = image.png; path = materials.png; sourceTree = "<group>"; };
		358D942E14A3C5DD007F4335 /* sidebarback.png */ = {isa = PBXFileReference; lastKnownFileType = image.png; path = sidebarback.png; sourceTree = "<group>"; };
		358D943014AA5BCD007F4335 /* compassPressed.png */ = {isa = PBXFileReference; lastKnownFileType = image.png; path = compassPressed.png; sourceTree = "<group>"; };
		358D943314AB6174007F4335 /* managersPressed.png */ = {isa = PBXFileReference; lastKnownFileType = image.png; path = managersPressed.png; sourceTree = "<group>"; };
		358D943414AB6174007F4335 /* materialsPressed.png */ = {isa = PBXFileReference; lastKnownFileType = image.png; path = materialsPressed.png; sourceTree = "<group>"; };
		358D943514AB6174007F4335 /* notesPressed.png */ = {isa = PBXFileReference; lastKnownFileType = image.png; path = notesPressed.png; sourceTree = "<group>"; };
		358D943E14B496CE007F4335 /* CompassView.h */ = {isa = PBXFileReference; fileEncoding = 4; lastKnownFileType = sourcecode.c.h; path = CompassView.h; sourceTree = "<group>"; };
		358D943F14B496CE007F4335 /* CompassView.m */ = {isa = PBXFileReference; fileEncoding = 4; lastKnownFileType = sourcecode.c.objc; path = CompassView.m; sourceTree = "<group>"; };
		358D944114B626AB007F4335 /* CoreLocation.framework */ = {isa = PBXFileReference; lastKnownFileType = wrapper.framework; name = CoreLocation.framework; path = System/Library/Frameworks/CoreLocation.framework; sourceTree = SDKROOT; };
		358D944314BB399E007F4335 /* NotesView.h */ = {isa = PBXFileReference; fileEncoding = 4; lastKnownFileType = sourcecode.c.h; path = NotesView.h; sourceTree = "<group>"; };
		358D944414BB399E007F4335 /* NotesView.m */ = {isa = PBXFileReference; fileEncoding = 4; lastKnownFileType = sourcecode.c.objc; path = NotesView.m; sourceTree = "<group>"; };
		35A1A71D14CF3F6E009A604F /* NotesViewCell.h */ = {isa = PBXFileReference; fileEncoding = 4; lastKnownFileType = sourcecode.c.h; path = NotesViewCell.h; sourceTree = "<group>"; };
		35A1A71E14CF3F6E009A604F /* NotesViewCell.m */ = {isa = PBXFileReference; fileEncoding = 4; lastKnownFileType = sourcecode.c.objc; path = NotesViewCell.m; sourceTree = "<group>"; };
		35B8A3C21483C3FE000411D0 /* MenuBar.h */ = {isa = PBXFileReference; fileEncoding = 4; lastKnownFileType = sourcecode.c.h; path = MenuBar.h; sourceTree = "<group>"; };
		35B8A3C31483C3FE000411D0 /* MenuBar.m */ = {isa = PBXFileReference; fileEncoding = 4; lastKnownFileType = sourcecode.c.objc; path = MenuBar.m; sourceTree = "<group>"; };
		35B8A3CA1483D3A2000411D0 /* GlosslessButton.h */ = {isa = PBXFileReference; fileEncoding = 4; lastKnownFileType = sourcecode.c.h; path = GlosslessButton.h; sourceTree = "<group>"; };
		35B8A3CB1483D3A2000411D0 /* GlosslessButton.m */ = {isa = PBXFileReference; fileEncoding = 4; lastKnownFileType = sourcecode.c.objc; path = GlosslessButton.m; sourceTree = "<group>"; };
		35B8A3CD1485792D000411D0 /* HomeScreen.h */ = {isa = PBXFileReference; fileEncoding = 4; lastKnownFileType = sourcecode.c.h; path = HomeScreen.h; sourceTree = "<group>"; };
		35B8A3CE1485792D000411D0 /* HomeScreen.m */ = {isa = PBXFileReference; fileEncoding = 4; lastKnownFileType = sourcecode.c.objc; path = HomeScreen.m; sourceTree = "<group>"; };
		35B8A3D31488300F000411D0 /* SiteInformation.h */ = {isa = PBXFileReference; fileEncoding = 4; lastKnownFileType = sourcecode.c.h; path = SiteInformation.h; sourceTree = "<group>"; };
		35B8A3D41488300F000411D0 /* SiteInformation.m */ = {isa = PBXFileReference; fileEncoding = 4; lastKnownFileType = sourcecode.c.objc; path = SiteInformation.m; sourceTree = "<group>"; };
		35B8A3DA148834C2000411D0 /* SiteViews.h */ = {isa = PBXFileReference; fileEncoding = 4; lastKnownFileType = sourcecode.c.h; path = SiteViews.h; sourceTree = "<group>"; };
		35B8A3DB148834C2000411D0 /* SiteViews.m */ = {isa = PBXFileReference; fileEncoding = 4; lastKnownFileType = sourcecode.c.objc; path = SiteViews.m; sourceTree = "<group>"; };
		35B8A3DD148834E6000411D0 /* SitePlans.h */ = {isa = PBXFileReference; fileEncoding = 4; lastKnownFileType = sourcecode.c.h; path = SitePlans.h; sourceTree = "<group>"; };
		35B8A3DE148834E6000411D0 /* SitePlans.m */ = {isa = PBXFileReference; fileEncoding = 4; lastKnownFileType = sourcecode.c.objc; path = SitePlans.m; sourceTree = "<group>"; };
		35B8A3E0148E6E5A000411D0 /* SiteTabController.h */ = {isa = PBXFileReference; fileEncoding = 4; lastKnownFileType = sourcecode.c.h; path = SiteTabController.h; sourceTree = "<group>"; };
		35B8A3E1148E6E5B000411D0 /* SiteTabController.m */ = {isa = PBXFileReference; fileEncoding = 4; lastKnownFileType = sourcecode.c.objc; path = SiteTabController.m; sourceTree = "<group>"; };
		35B8A3E3148EBF8A000411D0 /* DualColumnTable.h */ = {isa = PBXFileReference; fileEncoding = 4; lastKnownFileType = sourcecode.c.h; path = DualColumnTable.h; sourceTree = "<group>"; };
		35B8A3E4148EBF8A000411D0 /* DualColumnTable.m */ = {isa = PBXFileReference; fileEncoding = 4; lastKnownFileType = sourcecode.c.objc; path = DualColumnTable.m; sourceTree = "<group>"; };
		35B8A3E6148FE5CD000411D0 /* DualColumnCell.h */ = {isa = PBXFileReference; fileEncoding = 4; lastKnownFileType = sourcecode.c.h; path = DualColumnCell.h; sourceTree = "<group>"; };
		35B8A3E7148FE5CE000411D0 /* DualColumnCell.m */ = {isa = PBXFileReference; fileEncoding = 4; lastKnownFileType = sourcecode.c.objc; path = DualColumnCell.m; sourceTree = "<group>"; };
		35B8A3EC148FFE6E000411D0 /* brushedmetal.png */ = {isa = PBXFileReference; lastKnownFileType = image.png; path = brushedmetal.png; sourceTree = "<group>"; };
		35F2C7E11472F63300DBC988 /* CFNetwork.framework */ = {isa = PBXFileReference; lastKnownFileType = wrapper.framework; name = CFNetwork.framework; path = System/Library/Frameworks/CFNetwork.framework; sourceTree = SDKROOT; };
		35F2C7E31472F63F00DBC988 /* SystemConfiguration.framework */ = {isa = PBXFileReference; lastKnownFileType = wrapper.framework; name = SystemConfiguration.framework; path = System/Library/Frameworks/SystemConfiguration.framework; sourceTree = SDKROOT; };
		35F2C7E51472F64A00DBC988 /* MobileCoreServices.framework */ = {isa = PBXFileReference; lastKnownFileType = wrapper.framework; name = MobileCoreServices.framework; path = System/Library/Frameworks/MobileCoreServices.framework; sourceTree = SDKROOT; };
		35F2C7E71472F66D00DBC988 /* libz.1.2.5.dylib */ = {isa = PBXFileReference; lastKnownFileType = "compiled.mach-o.dylib"; name = libz.1.2.5.dylib; path = usr/lib/libz.1.2.5.dylib; sourceTree = SDKROOT; };
		35F2C7E9147565EC00DBC988 /* GlossyButton.h */ = {isa = PBXFileReference; fileEncoding = 4; lastKnownFileType = sourcecode.c.h; path = GlossyButton.h; sourceTree = "<group>"; };
		35F2C7EA147565EC00DBC988 /* GlossyButton.m */ = {isa = PBXFileReference; fileEncoding = 4; lastKnownFileType = sourcecode.c.objc; path = GlossyButton.m; sourceTree = "<group>"; };
		35F2C7F3147C5DF400DBC988 /* ProjectData.h */ = {isa = PBXFileReference; fileEncoding = 4; lastKnownFileType = sourcecode.c.h; path = ProjectData.h; sourceTree = "<group>"; };
		35F2C7F4147C5DF400DBC988 /* ProjectData.m */ = {isa = PBXFileReference; fileEncoding = 4; lastKnownFileType = sourcecode.c.objc; path = ProjectData.m; sourceTree = "<group>"; };
/* End PBXFileReference section */

/* Begin PBXFrameworksBuildPhase section */
		358876D0146B1D2D007A157E /* Frameworks */ = {
			isa = PBXFrameworksBuildPhase;
			buildActionMask = 2147483647;
			files = (
				01BD2F4815580E1A006043D2 /* CoreData.framework in Frameworks */,
				3579D2F814E1796500D2E37F /* MessageUI.framework in Frameworks */,
				358D944214B626AB007F4335 /* CoreLocation.framework in Frameworks */,
				35F2C7E81472F66D00DBC988 /* libz.1.2.5.dylib in Frameworks */,
				35F2C7E61472F64A00DBC988 /* MobileCoreServices.framework in Frameworks */,
				35F2C7E41472F63F00DBC988 /* SystemConfiguration.framework in Frameworks */,
				35F2C7E21472F63300DBC988 /* CFNetwork.framework in Frameworks */,
				35887705146C5342007A157E /* QuartzCore.framework in Frameworks */,
				358876D8146B1D2D007A157E /* UIKit.framework in Frameworks */,
				358876DA146B1D2D007A157E /* Foundation.framework in Frameworks */,
				358876DC146B1D2D007A157E /* CoreGraphics.framework in Frameworks */,
			);
			runOnlyForDeploymentPostprocessing = 0;
		};
/* End PBXFrameworksBuildPhase section */

/* Begin PBXGroup section */
		01BD2F1E155800A3006043D2 /* Core Data */ = {
			isa = PBXGroup;
			children = (
				01BD2F8615599FA8006043D2 /* AssistantUsers.sqlite */,
				01BD2FA6155AB357006043D2 /* DbModel.xcdatamodeld */,
				01BD2FA4155AB357006043D2 /* CrewMembersEn.h */,
				01BD2FA5155AB357006043D2 /* CrewMembersEn.m */,
				01BD2FA8155AB357006043D2 /* MaterialsEn.h */,
				01BD2FA9155AB357006043D2 /* MaterialsEn.m */,
				01BD2FAA155AB357006043D2 /* ReportsEn.h */,
				01BD2FAB155AB357006043D2 /* ReportsEn.m */,
				01BD2F591558301F006043D2 /* Users.h */,
				01BD2F5A1558301F006043D2 /* Users.m */,
			);
			name = "Core Data";
			sourceTree = "<group>";
		};
		01DBF3CF15459FE6009B6FAE /* Tabbar Icons */ = {
			isa = PBXGroup;
			children = (
				0165965E155D450100DFB419 /* 11-clock.png */,
				0165965F155D450100DFB419 /* 11-clock@2x.png */,
				01DBF3E01545AE77009B6FAE /* 40-inbox.png */,
				01DBF3E11545AE77009B6FAE /* 40-inbox@2x.png */,
				01DBF3DC1545A3FA009B6FAE /* 101-gameplan.png */,
				01DBF3DD1545A3FA009B6FAE /* 101-gameplan@2x.png */,
				01DBF3D81545A312009B6FAE /* 103-map.png */,
				01DBF3D91545A312009B6FAE /* 103-map@2x.png */,
				01DBF3D41545A291009B6FAE /* 33-cabinet.png */,
				01DBF3D51545A291009B6FAE /* 33-cabinet@2x.png */,
			);
			name = "Tabbar Icons";
			sourceTree = "<group>";
		};
		01DBF3E41545E890009B6FAE /* Sidebar Icons */ = {
			isa = PBXGroup;
			children = (
				01BD2FB0155AC520006043D2 /* compass.png */,
				01BD2FB1155AC520006043D2 /* compass@2x.png */,
				358D943014AA5BCD007F4335 /* compassPressed.png */,
				358D942314A37898007F4335 /* managers.png */,
				358D943314AB6174007F4335 /* managersPressed.png */,
				358D942414A37898007F4335 /* materials.png */,
				358D943414AB6174007F4335 /* materialsPressed.png */,
				01BD2FB4155AC5D2006043D2 /* notes.png */,
				01BD2FB5155AC5D2006043D2 /* notes@2x.png */,
				358D943514AB6174007F4335 /* notesPressed.png */,
			);
			name = "Sidebar Icons";
			sourceTree = "<group>";
		};
		3546A3C715239CE400A3D284 /* Models */ = {
			isa = PBXGroup;
			children = (
				01BD2F7115598654006043D2 /* Reachability.h */,
				01BD2F7215598654006043D2 /* Reachability.m */,
				3546A3C915239CFD00A3D284 /* DBGateway.h */,
				3546A3CA15239CFD00A3D284 /* DBGateway.m */,
			);
			name = Models;
			sourceTree = "<group>";
		};
		358876C8146B1D2D007A157E = {
			isa = PBXGroup;
			children = (
				358876DD146B1D2D007A157E /* Installation Assistant */,
				358876D6146B1D2D007A157E /* Frameworks */,
				358876D4146B1D2D007A157E /* Products */,
			);
			sourceTree = "<group>";
		};
		358876D4146B1D2D007A157E /* Products */ = {
			isa = PBXGroup;
			children = (
				358876D3146B1D2D007A157E /* Installation Assistant.app */,
			);
			name = Products;
			sourceTree = "<group>";
		};
		358876D6146B1D2D007A157E /* Frameworks */ = {
			isa = PBXGroup;
			children = (
				01BD2F4715580E19006043D2 /* CoreData.framework */,
				3579D2F714E1796500D2E37F /* MessageUI.framework */,
				358D944114B626AB007F4335 /* CoreLocation.framework */,
				35F2C7E71472F66D00DBC988 /* libz.1.2.5.dylib */,
				35F2C7E51472F64A00DBC988 /* MobileCoreServices.framework */,
				35F2C7E31472F63F00DBC988 /* SystemConfiguration.framework */,
				35F2C7E11472F63300DBC988 /* CFNetwork.framework */,
				35887704146C5342007A157E /* QuartzCore.framework */,
				358876D7146B1D2D007A157E /* UIKit.framework */,
				358876D9146B1D2D007A157E /* Foundation.framework */,
				358876DB146B1D2D007A157E /* CoreGraphics.framework */,
			);
			name = Frameworks;
			sourceTree = "<group>";
		};
		358876DD146B1D2D007A157E /* Installation Assistant */ = {
			isa = PBXGroup;
			children = (
				358876E9146B1D2E007A157E /* MainStoryboard.storyboard */,
				358876E6146B1D2E007A157E /* AppDelegate.h */,
				358876E7146B1D2E007A157E /* AppDelegate.m */,
				358876FD146C3DF2007A157E /* Common.h */,
				358876FE146C3DF3007A157E /* Common.m */,
				01BD2F1E155800A3006043D2 /* Core Data */,
				358876F5146B1D71007A157E /* Singletons */,
				3546A3C715239CE400A3D284 /* Models */,
				358876F4146B1D4C007A157E /* View Controllers */,
				35E8E6D61517C8A100B62B2B /* Views */,
				358876F6146C168C007A157E /* Custom Views */,
				35B8A3E9148FFCDE000411D0 /* Images */,
				358876DE146B1D2E007A157E /* Supporting Files */,
			);
			path = "Installation Assistant";
			sourceTree = "<group>";
		};
		358876DE146B1D2E007A157E /* Supporting Files */ = {
			isa = PBXGroup;
			children = (
				358876DF146B1D2E007A157E /* Installation Assistant-Info.plist */,
				358876E0146B1D2E007A157E /* InfoPlist.strings */,
				358876E3146B1D2E007A157E /* main.m */,
				358876E5146B1D2E007A157E /* Installation Assistant-Prefix.pch */,
			);
			name = "Supporting Files";
			sourceTree = "<group>";
		};
		358876F4146B1D4C007A157E /* View Controllers */ = {
			isa = PBXGroup;
			children = (
				01EAEA441537667B0047842F /* AddMaterial.h */,
				01EAEA451537667B0047842F /* AddMaterial.m */,
				358D943E14B496CE007F4335 /* CompassView.h */,
				358D943F14B496CE007F4335 /* CompassView.m */,
				01DBF39A15404678009B6FAE /* CompletedPercentage.h */,
				01DBF39B15404678009B6FAE /* CompletedPercentage.m */,
				3546A3D21524BDDC00A3D284 /* CrewLeader.h */,
				3546A3D31524BDDC00A3D284 /* CrewLeader.m */,
				3546A3D81529D33900A3D284 /* CrewMembers.h */,
				3546A3D91529D33A00A3D284 /* CrewMembers.m */,
				0153CAA015376EFA00E35905 /* EditMaterial.h */,
				0153CAA115376EFA00E35905 /* EditMaterial.m */,
				35B8A3CD1485792D000411D0 /* HomeScreen.h */,
				35B8A3CE1485792D000411D0 /* HomeScreen.m */,
				01DBF3AA15409AB1009B6FAE /* ManagerUpdate.h */,
				01DBF3AB15409AB1009B6FAE /* ManagerUpdate.m */,
				018EA44D1535D9960006FC9F /* MaterialSelect.h */,
				018EA44E1535D9960006FC9F /* MaterialSelect.m */,
				3579D2EE14D868B100D2E37F /* NotesFullViewController.h */,
				3579D2EF14D868B100D2E37F /* NotesFullViewController.m */,
				3579D2F114DC6EC400D2E37F /* NotesNewViewController.h */,
				3579D2F214DC6EC400D2E37F /* NotesNewViewController.m */,
				358D944314BB399E007F4335 /* NotesView.h */,
				358D944414BB399E007F4335 /* NotesView.m */,
				358876EC146B1D2E007A157E /* ProjectSelection.h */,
				358876ED146B1D2E007A157E /* ProjectSelection.m */,
				35B8A3D31488300F000411D0 /* SiteInformation.h */,
				35B8A3D41488300F000411D0 /* SiteInformation.m */,
				018EA4411534EB450006FC9F /* SiteLocation.h */,
				018EA4421534EB450006FC9F /* SiteLocation.m */,
				35B8A3DD148834E6000411D0 /* SitePlans.h */,
				35B8A3DE148834E6000411D0 /* SitePlans.m */,
				35B8A3E0148E6E5A000411D0 /* SiteTabController.h */,
				35B8A3E1148E6E5B000411D0 /* SiteTabController.m */,
				35B8A3DA148834C2000411D0 /* SiteViews.h */,
				35B8A3DB148834C2000411D0 /* SiteViews.m */,
				01DBF3C41541AB6B009B6FAE /* TemperatureSelect.h */,
				01DBF3C51541AB6B009B6FAE /* TemperatureSelect.m */,
				01BD2FBC155B11C7006043D2 /* ToolsMenu.h */,
				01BD2FBD155B11C8006043D2 /* ToolsMenu.m */,
				01DBF3CC1541E1CF009B6FAE /* UpdateClient.h */,
				01DBF3CD1541E1CF009B6FAE /* UpdateClient.m */,
				01DBF3AC15409AB1009B6FAE /* WeatherSelect.h */,
				01DBF3AD15409AB1009B6FAE /* WeatherSelect.m */,
			);
			name = "View Controllers";
			sourceTree = "<group>";
		};
		358876F5146B1D71007A157E /* Singletons */ = {
			isa = PBXGroup;
			children = (
				3546A3CC15248C4B00A3D284 /* CrewMemberData.h */,
				3546A3CD15248C4B00A3D284 /* CrewMemberData.m */,
				35F2C7F3147C5DF400DBC988 /* ProjectData.h */,
				35F2C7F4147C5DF400DBC988 /* ProjectData.m */,
				01BD2F6715586781006043D2 /* UserData.h */,
				01BD2F6815586781006043D2 /* UserData.m */,
			);
			name = Singletons;
			sourceTree = "<group>";
		};
		358876F6146C168C007A157E /* Custom Views */ = {
			isa = PBXGroup;
			children = (
				35A1A71D14CF3F6E009A604F /* NotesViewCell.h */,
				35A1A71E14CF3F6E009A604F /* NotesViewCell.m */,
				35F2C7E9147565EC00DBC988 /* GlossyButton.h */,
				35F2C7EA147565EC00DBC988 /* GlossyButton.m */,
				35B8A3CA1483D3A2000411D0 /* GlosslessButton.h */,
				35B8A3CB1483D3A2000411D0 /* GlosslessButton.m */,
				35B8A3C21483C3FE000411D0 /* MenuBar.h */,
				35B8A3C31483C3FE000411D0 /* MenuBar.m */,
				35B8A3E3148EBF8A000411D0 /* DualColumnTable.h */,
				35B8A3E4148EBF8A000411D0 /* DualColumnTable.m */,
				35B8A3E6148FE5CD000411D0 /* DualColumnCell.h */,
				35B8A3E7148FE5CE000411D0 /* DualColumnCell.m */,
				01DBF387153F1FBD009B6FAE /* RoundedUIView.h */,
				01DBF388153F1FBD009B6FAE /* RoundedUIView.m */,
				01DBF392153F4623009B6FAE /* RoundedUITableView.h */,
				01DBF393153F4623009B6FAE /* RoundedUITableView.m */,
				0165965A155BF7AD00DFB419 /* ToolsMenuCell.h */,
				0165965B155BF7AD00DFB419 /* ToolsMenuCell.m */,
			);
			name = "Custom Views";
			sourceTree = "<group>";
		};
		35B8A3E9148FFCDE000411D0 /* Images */ = {
			isa = PBXGroup;
			children = (
				01DBF3CF15459FE6009B6FAE /* Tabbar Icons */,
				01DBF3E41545E890009B6FAE /* Sidebar Icons */,
				01DBF3BA1540A422009B6FAE /* app_icon.png */,
				01DBF3BC1540A427009B6FAE /* app_icon_retina.png */,
				35B8A3EC148FFE6E000411D0 /* brushedmetal.png */,
				01DBF3A915409AB1009B6FAE /* button_back.png */,
				01DBF3C71541DFAD009B6FAE /* button_highlighted_back.png */,
				01BD2FB8155ACE42006043D2 /* compassrose.png */,
				01BD2FB9155ACE42006043D2 /* compassrose@2x.png */,
				358D942E14A3C5DD007F4335 /* sidebarback.png */,
				01DBF395153F5E43009B6FAE /* solular logo.png */,
			);
			name = Images;
			sourceTree = "<group>";
		};
		35E8E6D61517C8A100B62B2B /* Views */ = {
			isa = PBXGroup;
			children = (
				35655EA115238C0700E7BAEB /* HomeScreenView.h */,
				35655EA215238C0700E7BAEB /* HomeScreenView.m */,
				01EAEA40153763170047842F /* MaterialListCell.h */,
				01EAEA41153763170047842F /* MaterialListCell.m */,
				01DBF3C91541E0CA009B6FAE /* RoundedUIButton.h */,
				01DBF3CA1541E0CA009B6FAE /* RoundedUIButton.m */,
			);
			name = Views;
			sourceTree = "<group>";
		};
/* End PBXGroup section */

/* Begin PBXNativeTarget section */
		358876D2146B1D2D007A157E /* Installation Assistant */ = {
			isa = PBXNativeTarget;
			buildConfigurationList = 358876F1146B1D2E007A157E /* Build configuration list for PBXNativeTarget "Installation Assistant" */;
			buildPhases = (
				358876CF146B1D2D007A157E /* Sources */,
				358876D0146B1D2D007A157E /* Frameworks */,
				358876D1146B1D2D007A157E /* Resources */,
			);
			buildRules = (
			);
			dependencies = (
			);
			name = "Installation Assistant";
			productName = "Installation Assistant";
			productReference = 358876D3146B1D2D007A157E /* Installation Assistant.app */;
			productType = "com.apple.product-type.application";
		};
/* End PBXNativeTarget section */

/* Begin PBXProject section */
		358876CA146B1D2D007A157E /* Project object */ = {
			isa = PBXProject;
			attributes = {
				LastUpgradeCheck = 0430;
				ORGANIZATIONNAME = "Solular, LLC";
			};
			buildConfigurationList = 358876CD146B1D2D007A157E /* Build configuration list for PBXProject "Installation Assistant" */;
			compatibilityVersion = "Xcode 3.2";
			developmentRegion = English;
			hasScannedForEncodings = 0;
			knownRegions = (
				en,
			);
			mainGroup = 358876C8146B1D2D007A157E;
			productRefGroup = 358876D4146B1D2D007A157E /* Products */;
			projectDirPath = "";
			projectRoot = "";
			targets = (
				358876D2146B1D2D007A157E /* Installation Assistant */,
			);
		};
/* End PBXProject section */

/* Begin PBXResourcesBuildPhase section */
		358876D1146B1D2D007A157E /* Resources */ = {
			isa = PBXResourcesBuildPhase;
			buildActionMask = 2147483647;
			files = (
				358876E2146B1D2E007A157E /* InfoPlist.strings in Resources */,
				358876EB146B1D2E007A157E /* MainStoryboard.storyboard in Resources */,
				35B8A3ED148FFE6E000411D0 /* brushedmetal.png in Resources */,
				358D942814A37898007F4335 /* managers.png in Resources */,
				358D942914A37898007F4335 /* materials.png in Resources */,
				358D942F14A3C5DD007F4335 /* sidebarback.png in Resources */,
				358D943114AA5BCD007F4335 /* compassPressed.png in Resources */,
				358D943714AB6174007F4335 /* managersPressed.png in Resources */,
				358D943814AB6174007F4335 /* materialsPressed.png in Resources */,
				358D943914AB6174007F4335 /* notesPressed.png in Resources */,
				01DBF396153F5E43009B6FAE /* solular logo.png in Resources */,
				01DBF3AE15409AB1009B6FAE /* button_back.png in Resources */,
				01DBF3BB1540A422009B6FAE /* app_icon.png in Resources */,
				01DBF3BD1540A427009B6FAE /* app_icon_retina.png in Resources */,
				01DBF3C81541DFAD009B6FAE /* button_highlighted_back.png in Resources */,
				01DBF3D61545A291009B6FAE /* 33-cabinet.png in Resources */,
				01DBF3D71545A291009B6FAE /* 33-cabinet@2x.png in Resources */,
				01DBF3DA1545A312009B6FAE /* 103-map.png in Resources */,
				01DBF3DB1545A312009B6FAE /* 103-map@2x.png in Resources */,
				01DBF3DE1545A3FA009B6FAE /* 101-gameplan.png in Resources */,
				01DBF3DF1545A3FA009B6FAE /* 101-gameplan@2x.png in Resources */,
				01DBF3E21545AE77009B6FAE /* 40-inbox.png in Resources */,
				01DBF3E31545AE77009B6FAE /* 40-inbox@2x.png in Resources */,
				01BD2F8715599FA9006043D2 /* AssistantUsers.sqlite in Resources */,
				01BD2FB2155AC520006043D2 /* compass.png in Resources */,
				01BD2FB3155AC520006043D2 /* compass@2x.png in Resources */,
				01BD2FB6155AC5D2006043D2 /* notes.png in Resources */,
				01BD2FB7155AC5D2006043D2 /* notes@2x.png in Resources */,
				01BD2FBA155ACE43006043D2 /* compassrose.png in Resources */,
				01BD2FBB155ACE43006043D2 /* compassrose@2x.png in Resources */,
				01659660155D450100DFB419 /* 11-clock.png in Resources */,
				01659661155D450100DFB419 /* 11-clock@2x.png in Resources */,
			);
			runOnlyForDeploymentPostprocessing = 0;
		};
/* End PBXResourcesBuildPhase section */

/* Begin PBXSourcesBuildPhase section */
		358876CF146B1D2D007A157E /* Sources */ = {
			isa = PBXSourcesBuildPhase;
			buildActionMask = 2147483647;
			files = (
				358876E4146B1D2E007A157E /* main.m in Sources */,
				358876E8146B1D2E007A157E /* AppDelegate.m in Sources */,
				358876EE146B1D2E007A157E /* ProjectSelection.m in Sources */,
				358876FF146C3DF3007A157E /* Common.m in Sources */,
				35F2C7EB147565EC00DBC988 /* GlossyButton.m in Sources */,
				35F2C7F5147C5DF400DBC988 /* ProjectData.m in Sources */,
				35B8A3C41483C3FE000411D0 /* MenuBar.m in Sources */,
				35B8A3CC1483D3A2000411D0 /* GlosslessButton.m in Sources */,
				35B8A3CF1485792D000411D0 /* HomeScreen.m in Sources */,
				35B8A3D51488300F000411D0 /* SiteInformation.m in Sources */,
				35B8A3DC148834C3000411D0 /* SiteViews.m in Sources */,
				35B8A3DF148834E7000411D0 /* SitePlans.m in Sources */,
				35B8A3E2148E6E5B000411D0 /* SiteTabController.m in Sources */,
				35B8A3E5148EBF8B000411D0 /* DualColumnTable.m in Sources */,
				35B8A3E8148FE5CE000411D0 /* DualColumnCell.m in Sources */,
				358D944014B496CF007F4335 /* CompassView.m in Sources */,
				358D944514BB399F007F4335 /* NotesView.m in Sources */,
				35A1A71F14CF3F6F009A604F /* NotesViewCell.m in Sources */,
				3579D2F014D868B100D2E37F /* NotesFullViewController.m in Sources */,
				3579D2F314DC6EC400D2E37F /* NotesNewViewController.m in Sources */,
				35655EA315238C0700E7BAEB /* HomeScreenView.m in Sources */,
				3546A3CB15239CFD00A3D284 /* DBGateway.m in Sources */,
				3546A3CE15248C4C00A3D284 /* CrewMemberData.m in Sources */,
				3546A3D41524BDDC00A3D284 /* CrewLeader.m in Sources */,
				3546A3DA1529D33A00A3D284 /* CrewMembers.m in Sources */,
				018EA4431534EB450006FC9F /* SiteLocation.m in Sources */,
				018EA44F1535D9970006FC9F /* MaterialSelect.m in Sources */,
				01EAEA42153763170047842F /* MaterialListCell.m in Sources */,
				01EAEA461537667C0047842F /* AddMaterial.m in Sources */,
				0153CAA215376EFA00E35905 /* EditMaterial.m in Sources */,
				01DBF389153F1FBD009B6FAE /* RoundedUIView.m in Sources */,
				01DBF394153F4623009B6FAE /* RoundedUITableView.m in Sources */,
				01DBF39C15404678009B6FAE /* CompletedPercentage.m in Sources */,
				01DBF3AF15409AB1009B6FAE /* ManagerUpdate.m in Sources */,
				01DBF3B015409AB1009B6FAE /* WeatherSelect.m in Sources */,
				01DBF3C61541AB6B009B6FAE /* TemperatureSelect.m in Sources */,
				01DBF3CB1541E0CA009B6FAE /* RoundedUIButton.m in Sources */,
				01DBF3CE1541E1CF009B6FAE /* UpdateClient.m in Sources */,
				01BD2F5C1558301F006043D2 /* Users.m in Sources */,
				01BD2F6915586781006043D2 /* UserData.m in Sources */,
				01BD2F7315598654006043D2 /* Reachability.m in Sources */,
				01BD2FAC155AB357006043D2 /* CrewMembersEn.m in Sources */,
				01BD2FAD155AB357006043D2 /* DbModel.xcdatamodeld in Sources */,
				01BD2FAE155AB357006043D2 /* MaterialsEn.m in Sources */,
				01BD2FAF155AB357006043D2 /* ReportsEn.m in Sources */,
				01BD2FBE155B11C9006043D2 /* ToolsMenu.m in Sources */,
				0165965C155BF7AD00DFB419 /* ToolsMenuCell.m in Sources */,
			);
			runOnlyForDeploymentPostprocessing = 0;
		};
/* End PBXSourcesBuildPhase section */

/* Begin PBXVariantGroup section */
		358876E0146B1D2E007A157E /* InfoPlist.strings */ = {
			isa = PBXVariantGroup;
			children = (
				358876E1146B1D2E007A157E /* en */,
			);
			name = InfoPlist.strings;
			sourceTree = "<group>";
		};
		358876E9146B1D2E007A157E /* MainStoryboard.storyboard */ = {
			isa = PBXVariantGroup;
			children = (
				358876EA146B1D2E007A157E /* en */,
			);
			name = MainStoryboard.storyboard;
			sourceTree = "<group>";
		};
/* End PBXVariantGroup section */

/* Begin XCBuildConfiguration section */
		358876EF146B1D2E007A157E /* Debug */ = {
			isa = XCBuildConfiguration;
			buildSettings = {
				ALWAYS_SEARCH_USER_PATHS = NO;
				ARCHS = "$(ARCHS_STANDARD_32_BIT)";
				CLANG_ENABLE_OBJC_ARC = YES;
				"CODE_SIGN_IDENTITY[sdk=iphoneos*]" = "iPhone Developer";
				COPY_PHASE_STRIP = NO;
				GCC_C_LANGUAGE_STANDARD = gnu99;
				GCC_DYNAMIC_NO_PIC = NO;
				GCC_OPTIMIZATION_LEVEL = 0;
				GCC_PREPROCESSOR_DEFINITIONS = (
					"DEBUG=1",
					"$(inherited)",
				);
				GCC_SYMBOLS_PRIVATE_EXTERN = NO;
				GCC_VERSION = com.apple.compilers.llvm.clang.1_0;
				GCC_WARN_ABOUT_MISSING_PROTOTYPES = YES;
				GCC_WARN_ABOUT_RETURN_TYPE = YES;
				GCC_WARN_UNUSED_VARIABLE = YES;
				IPHONEOS_DEPLOYMENT_TARGET = 5.0;
				SDKROOT = iphoneos;
				TARGETED_DEVICE_FAMILY = 2;
			};
			name = Debug;
		};
		358876F0146B1D2E007A157E /* Release */ = {
			isa = XCBuildConfiguration;
			buildSettings = {
				ALWAYS_SEARCH_USER_PATHS = NO;
				ARCHS = "$(ARCHS_STANDARD_32_BIT)";
				CLANG_ENABLE_OBJC_ARC = YES;
				"CODE_SIGN_IDENTITY[sdk=iphoneos*]" = "iPhone Developer";
				COPY_PHASE_STRIP = YES;
				GCC_C_LANGUAGE_STANDARD = gnu99;
				GCC_VERSION = com.apple.compilers.llvm.clang.1_0;
				GCC_WARN_ABOUT_MISSING_PROTOTYPES = YES;
				GCC_WARN_ABOUT_RETURN_TYPE = YES;
				GCC_WARN_UNUSED_VARIABLE = YES;
				IPHONEOS_DEPLOYMENT_TARGET = 5.0;
				OTHER_CFLAGS = "-DNS_BLOCK_ASSERTIONS=1";
				SDKROOT = iphoneos;
				TARGETED_DEVICE_FAMILY = 2;
				VALIDATE_PRODUCT = YES;
			};
			name = Release;
		};
		358876F2146B1D2E007A157E /* Debug */ = {
			isa = XCBuildConfiguration;
			buildSettings = {
				GCC_PRECOMPILE_PREFIX_HEADER = YES;
				GCC_PREFIX_HEADER = "Installation Assistant/Installation Assistant-Prefix.pch";
				INFOPLIST_FILE = "Installation Assistant/Installation Assistant-Info.plist";
				PRODUCT_NAME = "Installation Assistant";
				WRAPPER_EXTENSION = app;
			};
			name = Debug;
		};
		358876F3146B1D2E007A157E /* Release */ = {
			isa = XCBuildConfiguration;
			buildSettings = {
				GCC_PRECOMPILE_PREFIX_HEADER = YES;
				GCC_PREFIX_HEADER = "Installation Assistant/Installation Assistant-Prefix.pch";
				INFOPLIST_FILE = "Installation Assistant/Installation Assistant-Info.plist";
				PRODUCT_NAME = "Installation Assistant";
				WRAPPER_EXTENSION = app;
			};
			name = Release;
		};
/* End XCBuildConfiguration section */

/* Begin XCConfigurationList section */
		358876CD146B1D2D007A157E /* Build configuration list for PBXProject "Installation Assistant" */ = {
			isa = XCConfigurationList;
			buildConfigurations = (
				358876EF146B1D2E007A157E /* Debug */,
				358876F0146B1D2E007A157E /* Release */,
			);
			defaultConfigurationIsVisible = 0;
			defaultConfigurationName = Release;
		};
		358876F1146B1D2E007A157E /* Build configuration list for PBXNativeTarget "Installation Assistant" */ = {
			isa = XCConfigurationList;
			buildConfigurations = (
				358876F2146B1D2E007A157E /* Debug */,
				358876F3146B1D2E007A157E /* Release */,
			);
			defaultConfigurationIsVisible = 0;
			defaultConfigurationName = Release;
		};
/* End XCConfigurationList section */

/* Begin XCVersionGroup section */
		01BD2FA6155AB357006043D2 /* DbModel.xcdatamodeld */ = {
			isa = XCVersionGroup;
			children = (
				01BD2FA7155AB357006043D2 /* DbModel.xcdatamodel */,
			);
			currentVersion = 01BD2FA7155AB357006043D2 /* DbModel.xcdatamodel */;
			path = DbModel.xcdatamodeld;
			sourceTree = "<group>";
			versionGroupType = wrapper.xcdatamodel;
		};
/* End XCVersionGroup section */
	};
	rootObject = 358876CA146B1D2D007A157E /* Project object */;
}
